
Microsoft Visual Studio Solution File, Format Version 12.00
Project("{FAE04EC0-301F-11D3-BF4B-00C04F79EFBC}") = "factoryWork", "factoryWork\factoryWork.csproj", "{1E2D84A1-C3B9-4AB5-97BE-3FB39FDC730C}"
EndProject
Global
	GlobalSection(SolutionConfigurationPlatforms) = preSolution
		Debug|Any CPU = Debug|Any CPU
		Release|Any CPU = Release|Any CPU
	EndGlobalSection
	GlobalSection(ProjectConfigurationPlatforms) = postSolution
		{1E2D84A1-C3B9-4AB5-97BE-3FB39FDC730C}.Debug|Any CPU.ActiveCfg = Debug|Any CPU
		{1E2D84A1-C3B9-4AB5-97BE-3FB39FDC730C}.Debug|Any CPU.Build.0 = Debug|Any CPU
		{1E2D84A1-C3B9-4AB5-97BE-3FB39FDC730C}.Release|Any CPU.ActiveCfg = Release|Any CPU
		{1E2D84A1-C3B9-4AB5-97BE-3FB39FDC730C}.Release|Any CPU.Build.0 = Release|Any CPU
	EndGlobalSection
EndGlobal
